{
    "_meta": {
        "hash": {
            "sha256": "93bd5a7c4313e55ef3d576c85d93fb7149890a22720a9b5acd0ad6319ac073e5"
        },
        "pipfile-spec": 6,
        "requires": {
            "python_version": "3.11"
        },
        "sources": [
            {
                "name": "pypi",
                "url": "https://pypi.org/simple",
                "verify_ssl": true
            }
        ]
    },
    "default": {
        "click": {
            "hashes": [
                "sha256:ae74fb96c20a0277a1d615f1e4d73c8414f5a98db8b799a7931d1582f3390c28",
                "sha256:ca9853ad459e787e2192211578cc907e7594e294c7ccc834310722b41b9ca6de"
            ],
            "markers": "python_version >= '3.7'",
            "version": "==8.1.7"
        },
        "joblib": {
            "hashes": [
                "sha256:1eb0dc091919cd384490de890cb5dfd538410a6d4b3b54eef09fb8c50b409b1c",
                "sha256:42942470d4062537be4d54c83511186da1fc14ba354961a2114da91efa9a4ed7"
            ],
            "markers": "python_version >= '3.8'",
            "version": "==1.4.0"
        },
        "nltk": {
            "hashes": [
                "sha256:1834da3d0682cba4f2cede2f9aad6b0fafb6461ba451db0efb6f9c39798d64d3",
                "sha256:fd5c9109f976fa86bcadba8f91e47f5e9293bd034474752e92a520f81c93dda5"
            ],
            "index": "pypi",
            "markers": "python_version >= '3.7'",
            "version": "==3.8.1"
        },
        "numpy": {
            "hashes": [
                "sha256:03a8c78d01d9781b28a6989f6fa1bb2c4f2d51201cf99d3dd875df6fbd96b23b",
                "sha256:08beddf13648eb95f8d867350f6a018a4be2e5ad54c8d8caed89ebca558b2818",
                "sha256:1af303d6b2210eb850fcf03064d364652b7120803a0b872f5211f5234b399f20",
                "sha256:1dda2e7b4ec9dd512f84935c5f126c8bd8b9f2fc001e9f54af255e8c5f16b0e0",
                "sha256:2a02aba9ed12e4ac4eb3ea9421c420301a0c6460d9830d74a9df87efa4912010",
                "sha256:2e4ee3380d6de9c9ec04745830fd9e2eccb3e6cf790d39d7b98ffd19b0dd754a",
                "sha256:3373d5d70a5fe74a2c1bb6d2cfd9609ecf686d47a2d7b1d37a8f3b6bf6003aea",
                "sha256:47711010ad8555514b434df65f7d7b076bb8261df1ca9bb78f53d3b2db02e95c",
                "sha256:4c66707fabe114439db9068ee468c26bbdf909cac0fb58686a42a24de1760c71",
                "sha256:50193e430acfc1346175fcbdaa28ffec49947a06918b7b92130744e81e640110",
                "sha256:52b8b60467cd7dd1e9ed082188b4e6bb35aa5cdd01777621a1658910745b90be",
                "sha256:60dedbb91afcbfdc9bc0b1f3f402804070deed7392c23eb7a7f07fa857868e8a",
                "sha256:62b8e4b1e28009ef2846b4c7852046736bab361f7aeadeb6a5b89ebec3c7055a",
                "sha256:666dbfb6ec68962c033a450943ded891bed2d54e6755e35e5835d63f4f6931d5",
                "sha256:675d61ffbfa78604709862923189bad94014bef562cc35cf61d3a07bba02a7ed",
                "sha256:679b0076f67ecc0138fd2ede3a8fd196dddc2ad3254069bcb9faf9a79b1cebcd",
                "sha256:7349ab0fa0c429c82442a27a9673fc802ffdb7c7775fad780226cb234965e53c",
                "sha256:7ab55401287bfec946ced39700c053796e7cc0e3acbef09993a9ad2adba6ca6e",
                "sha256:7e50d0a0cc3189f9cb0aeb3a6a6af18c16f59f004b866cd2be1c14b36134a4a0",
                "sha256:95a7476c59002f2f6c590b9b7b998306fba6a5aa646b1e22ddfeaf8f78c3a29c",
                "sha256:96ff0b2ad353d8f990b63294c8986f1ec3cb19d749234014f4e7eb0112ceba5a",
                "sha256:9fad7dcb1aac3c7f0584a5a8133e3a43eeb2fe127f47e3632d43d677c66c102b",
                "sha256:9ff0f4f29c51e2803569d7a51c2304de5554655a60c5d776e35b4a41413830d0",
                "sha256:a354325ee03388678242a4d7ebcd08b5c727033fcff3b2f536aea978e15ee9e6",
                "sha256:a4abb4f9001ad2858e7ac189089c42178fcce737e4169dc61321660f1a96c7d2",
                "sha256:ab47dbe5cc8210f55aa58e4805fe224dac469cde56b9f731a4c098b91917159a",
                "sha256:afedb719a9dcfc7eaf2287b839d8198e06dcd4cb5d276a3df279231138e83d30",
                "sha256:b3ce300f3644fb06443ee2222c2201dd3a89ea6040541412b8fa189341847218",
                "sha256:b97fe8060236edf3662adfc2c633f56a08ae30560c56310562cb4f95500022d5",
                "sha256:bfe25acf8b437eb2a8b2d49d443800a5f18508cd811fea3181723922a8a82b07",
                "sha256:cd25bcecc4974d09257ffcd1f098ee778f7834c3ad767fe5db785be9a4aa9cb2",
                "sha256:d209d8969599b27ad20994c8e41936ee0964e6da07478d6c35016bc386b66ad4",
                "sha256:d5241e0a80d808d70546c697135da2c613f30e28251ff8307eb72ba696945764",
                "sha256:edd8b5fe47dab091176d21bb6de568acdd906d1887a4584a15a9a96a1dca06ef",
                "sha256:f870204a840a60da0b12273ef34f7051e98c3b5961b61b0c2c1be6dfd64fbcd3",
                "sha256:ffa75af20b44f8dba823498024771d5ac50620e6915abac414251bd971b4529f"
            ],
            "markers": "python_version >= '3.9'",
            "version": "==1.26.4"
        },
        "regex": {
            "hashes": [
                "sha256:00169caa125f35d1bca6045d65a662af0202704489fada95346cfa092ec23f39",
                "sha256:03576e3a423d19dda13e55598f0fd507b5d660d42c51b02df4e0d97824fdcae3",
                "sha256:03e68f44340528111067cecf12721c3df4811c67268b897fbe695c95f860ac42",
                "sha256:0534b034fba6101611968fae8e856c1698da97ce2efb5c2b895fc8b9e23a5834",
                "sha256:08dea89f859c3df48a440dbdcd7b7155bc675f2fa2ec8c521d02dc69e877db70",
                "sha256:0a38d151e2cdd66d16dab550c22f9521ba79761423b87c01dae0a6e9add79c0d",
                "sha256:0c8290b44d8b0af4e77048646c10c6e3aa583c1ca67f3b5ffb6e06cf0c6f0f89",
                "sha256:10188fe732dec829c7acca7422cdd1bf57d853c7199d5a9e96bb4d40db239c73",
                "sha256:1210365faba7c2150451eb78ec5687871c796b0f1fa701bfd2a4a25420482d26",
                "sha256:12f6a3f2f58bb7344751919a1876ee1b976fe08b9ffccb4bbea66f26af6017b9",
                "sha256:159dc4e59a159cb8e4e8f8961eb1fa5d58f93cb1acd1701d8aff38d45e1a84a6",
                "sha256:20b7a68444f536365af42a75ccecb7ab41a896a04acf58432db9e206f4e525d6",
                "sha256:23cff1b267038501b179ccbbd74a821ac4a7192a1852d1d558e562b507d46013",
                "sha256:2c72608e70f053643437bd2be0608f7f1c46d4022e4104d76826f0839199347a",
                "sha256:3399dd8a7495bbb2bacd59b84840eef9057826c664472e86c91d675d007137f5",
                "sha256:34422d5a69a60b7e9a07a690094e824b66f5ddc662a5fc600d65b7c174a05f04",
                "sha256:370c68dc5570b394cbaadff50e64d705f64debed30573e5c313c360689b6aadc",
                "sha256:3a1018e97aeb24e4f939afcd88211ace472ba566efc5bdf53fd8fd7f41fa7170",
                "sha256:3d5ac5234fb5053850d79dd8eb1015cb0d7d9ed951fa37aa9e6249a19aa4f336",
                "sha256:4313ab9bf6a81206c8ac28fdfcddc0435299dc88cad12cc6305fd0e78b81f9e4",
                "sha256:445ca8d3c5a01309633a0c9db57150312a181146315693273e35d936472df912",
                "sha256:479595a4fbe9ed8f8f72c59717e8cf222da2e4c07b6ae5b65411e6302af9708e",
                "sha256:4918fd5f8b43aa7ec031e0fef1ee02deb80b6afd49c85f0790be1dc4ce34cb50",
                "sha256:4aba818dcc7263852aabb172ec27b71d2abca02a593b95fa79351b2774eb1d2b",
                "sha256:4e819a806420bc010489f4e741b3036071aba209f2e0989d4750b08b12a9343f",
                "sha256:4facc913e10bdba42ec0aee76d029aedda628161a7ce4116b16680a0413f658a",
                "sha256:549c3584993772e25f02d0656ac48abdda73169fe347263948cf2b1cead622f3",
                "sha256:5c02fcd2bf45162280613d2e4a1ca3ac558ff921ae4e308ecb307650d3a6ee51",
                "sha256:5f580c651a72b75c39e311343fe6875d6f58cf51c471a97f15a938d9fe4e0d37",
                "sha256:62120ed0de69b3649cc68e2965376048793f466c5a6c4370fb27c16c1beac22d",
                "sha256:6295004b2dd37b0835ea5c14a33e00e8cfa3c4add4d587b77287825f3418d310",
                "sha256:65436dce9fdc0aeeb0a0effe0839cb3d6a05f45aa45a4d9f9c60989beca78b9c",
                "sha256:684008ec44ad275832a5a152f6e764bbe1914bea10968017b6feaecdad5736e0",
                "sha256:684e52023aec43bdf0250e843e1fdd6febbe831bd9d52da72333fa201aaa2335",
                "sha256:6cc38067209354e16c5609b66285af17a2863a47585bcf75285cab33d4c3b8df",
                "sha256:6f2f017c5be19984fbbf55f8af6caba25e62c71293213f044da3ada7091a4455",
                "sha256:743deffdf3b3481da32e8a96887e2aa945ec6685af1cfe2bcc292638c9ba2f48",
                "sha256:7571f19f4a3fd00af9341c7801d1ad1967fc9c3f5e62402683047e7166b9f2b4",
                "sha256:7731728b6568fc286d86745f27f07266de49603a6fdc4d19c87e8c247be452af",
                "sha256:785c071c982dce54d44ea0b79cd6dfafddeccdd98cfa5f7b86ef69b381b457d9",
                "sha256:78fddb22b9ef810b63ef341c9fcf6455232d97cfe03938cbc29e2672c436670e",
                "sha256:7bb966fdd9217e53abf824f437a5a2d643a38d4fd5fd0ca711b9da683d452969",
                "sha256:7cbc5d9e8a1781e7be17da67b92580d6ce4dcef5819c1b1b89f49d9678cc278c",
                "sha256:803b8905b52de78b173d3c1e83df0efb929621e7b7c5766c0843704d5332682f",
                "sha256:80b696e8972b81edf0af2a259e1b2a4a661f818fae22e5fa4fa1a995fb4a40fd",
                "sha256:81500ed5af2090b4a9157a59dbc89873a25c33db1bb9a8cf123837dcc9765047",
                "sha256:89ec7f2c08937421bbbb8b48c54096fa4f88347946d4747021ad85f1b3021b3c",
                "sha256:8ba6745440b9a27336443b0c285d705ce73adb9ec90e2f2004c64d95ab5a7598",
                "sha256:8c91e1763696c0eb66340c4df98623c2d4e77d0746b8f8f2bee2c6883fd1fe18",
                "sha256:8d015604ee6204e76569d2f44e5a210728fa917115bef0d102f4107e622b08d5",
                "sha256:8d1f86f3f4e2388aa3310b50694ac44daefbd1681def26b4519bd050a398dc5a",
                "sha256:8f83b6fd3dc3ba94d2b22717f9c8b8512354fd95221ac661784df2769ea9bba9",
                "sha256:8fc6976a3395fe4d1fbeb984adaa8ec652a1e12f36b56ec8c236e5117b585427",
                "sha256:904c883cf10a975b02ab3478bce652f0f5346a2c28d0a8521d97bb23c323cc8b",
                "sha256:911742856ce98d879acbea33fcc03c1d8dc1106234c5e7d068932c945db209c0",
                "sha256:91797b98f5e34b6a49f54be33f72e2fb658018ae532be2f79f7c63b4ae225145",
                "sha256:95399831a206211d6bc40224af1c635cb8790ddd5c7493e0bd03b85711076a53",
                "sha256:956b58d692f235cfbf5b4f3abd6d99bf102f161ccfe20d2fd0904f51c72c4c66",
                "sha256:98c1165f3809ce7774f05cb74e5408cd3aa93ee8573ae959a97a53db3ca3180d",
                "sha256:9ab40412f8cd6f615bfedea40c8bf0407d41bf83b96f6fc9ff34976d6b7037fd",
                "sha256:9df1bfef97db938469ef0a7354b2d591a2d438bc497b2c489471bec0e6baf7c4",
                "sha256:a01fe2305e6232ef3e8f40bfc0f0f3a04def9aab514910fa4203bafbc0bb4682",
                "sha256:a70b51f55fd954d1f194271695821dd62054d949efd6368d8be64edd37f55c86",
                "sha256:a7ccdd1c4a3472a7533b0a7aa9ee34c9a2bef859ba86deec07aff2ad7e0c3b94",
                "sha256:b340cccad138ecb363324aa26893963dcabb02bb25e440ebdf42e30963f1a4e0",
                "sha256:b74586dd0b039c62416034f811d7ee62810174bb70dffcca6439f5236249eb09",
                "sha256:b9d320b3bf82a39f248769fc7f188e00f93526cc0fe739cfa197868633d44701",
                "sha256:ba2336d6548dee3117520545cfe44dc28a250aa091f8281d28804aa8d707d93d",
                "sha256:ba8122e3bb94ecda29a8de4cf889f600171424ea586847aa92c334772d200331",
                "sha256:bd727ad276bb91928879f3aa6396c9a1d34e5e180dce40578421a691eeb77f47",
                "sha256:c21fc21a4c7480479d12fd8e679b699f744f76bb05f53a1d14182b31f55aac76",
                "sha256:c2d0e7cbb6341e830adcbfa2479fdeebbfbb328f11edd6b5675674e7a1e37730",
                "sha256:c2ef6f7990b6e8758fe48ad08f7e2f66c8f11dc66e24093304b87cae9037bb4a",
                "sha256:c4ed75ea6892a56896d78f11006161eea52c45a14994794bcfa1654430984b22",
                "sha256:cccc79a9be9b64c881f18305a7c715ba199e471a3973faeb7ba84172abb3f317",
                "sha256:d0800631e565c47520aaa04ae38b96abc5196fe8b4aa9bd864445bd2b5848a7a",
                "sha256:d2da13568eff02b30fd54fccd1e042a70fe920d816616fda4bf54ec705668d81",
                "sha256:d61ae114d2a2311f61d90c2ef1358518e8f05eafda76eaf9c772a077e0b465ec",
                "sha256:d83c2bc678453646f1a18f8db1e927a2d3f4935031b9ad8a76e56760461105dd",
                "sha256:dd5acc0a7d38fdc7a3a6fd3ad14c880819008ecb3379626e56b163165162cc46",
                "sha256:df79012ebf6f4efb8d307b1328226aef24ca446b3ff8d0e30202d7ebcb977a8c",
                "sha256:e0a2df336d1135a0b3a67f3bbf78a75f69562c1199ed9935372b82215cddd6e2",
                "sha256:e2f142b45c6fed48166faeb4303b4b58c9fcd827da63f4cf0a123c3480ae11fb",
                "sha256:e697e1c0238133589e00c244a8b676bc2cfc3ab4961318d902040d099fec7483",
                "sha256:e757d475953269fbf4b441207bb7dbdd1c43180711b6208e129b637792ac0b93",
                "sha256:e87ab229332ceb127a165612d839ab87795972102cb9830e5f12b8c9a5c1b508",
                "sha256:ea355eb43b11764cf799dda62c658c4d2fdb16af41f59bb1ccfec517b60bcb07",
                "sha256:ec7e0043b91115f427998febaa2beb82c82df708168b35ece3accb610b91fac1",
                "sha256:eeaa0b5328b785abc344acc6241cffde50dc394a0644a968add75fcefe15b9d4",
                "sha256:f2d80a6749724b37853ece57988b39c4e79d2b5fe2869a86e8aeae3bbeef9eb0",
                "sha256:fa454d26f2e87ad661c4f0c5a5fe4cf6aab1e307d1b94f16ffdfcb089ba685c0",
                "sha256:fb83cc090eac63c006871fd24db5e30a1f282faa46328572661c0a24a2323a08",
                "sha256:fd80d1280d473500d8086d104962a82d77bfbf2b118053824b7be28cd5a79ea5"
            ],
            "markers": "python_version >= '3.7'",
            "version": "==2024.4.16"
        },
        "scikit-learn": {
            "hashes": [
                "sha256:1d0b25d9c651fd050555aadd57431b53d4cf664e749069da77f3d52c5ad14b3b",
                "sha256:36f0ea5d0f693cb247a073d21a4123bdf4172e470e6d163c12b74cbb1536cf38",
                "sha256:426d258fddac674fdf33f3cb2d54d26f49406e2599dbf9a32b4d1696091d4256",
                "sha256:44c62f2b124848a28fd695db5bc4da019287abf390bfce602ddc8aa1ec186aae",
                "sha256:45dee87ac5309bb82e3ea633955030df9bbcb8d2cdb30383c6cd483691c546cc",
                "sha256:49d64ef6cb8c093d883e5a36c4766548d974898d378e395ba41a806d0e824db8",
                "sha256:5460a1a5b043ae5ae4596b3126a4ec33ccba1b51e7ca2c5d36dac2169f62ab1d",
                "sha256:5cd7b524115499b18b63f0c96f4224eb885564937a0b3477531b2b63ce331904",
                "sha256:671e2f0c3f2c15409dae4f282a3a619601fa824d2c820e5b608d9d775f91780c",
                "sha256:68b8404841f944a4a1459b07198fa2edd41a82f189b44f3e1d55c104dbc2e40c",
                "sha256:81bf5d8bbe87643103334032dd82f7419bc8c8d02a763643a6b9a5c7288c5054",
                "sha256:8539a41b3d6d1af82eb629f9c57f37428ff1481c1e34dddb3b9d7af8ede67ac5",
                "sha256:87440e2e188c87db80ea4023440923dccbd56fbc2d557b18ced00fef79da0727",
                "sha256:90378e1747949f90c8f385898fff35d73193dfcaec3dd75d6b542f90c4e89755",
                "sha256:b0203c368058ab92efc6168a1507d388d41469c873e96ec220ca8e74079bf62e",
                "sha256:c97a50b05c194be9146d61fe87dbf8eac62b203d9e87a3ccc6ae9aed2dfaf361",
                "sha256:d36d0bc983336bbc1be22f9b686b50c964f593c8a9a913a792442af9bf4f5e68",
                "sha256:d762070980c17ba3e9a4a1e043ba0518ce4c55152032f1af0ca6f39b376b5928",
                "sha256:d9993d5e78a8148b1d0fdf5b15ed92452af5581734129998c26f481c46586d68",
                "sha256:daa1c471d95bad080c6e44b4946c9390a4842adc3082572c20e4f8884e39e959",
                "sha256:ff4effe5a1d4e8fed260a83a163f7dbf4f6087b54528d8880bab1d1377bd78be"
            ],
            "index": "pypi",
            "markers": "python_version >= '3.9'",
            "version": "==1.4.2"
        },
        "scipy": {
            "hashes": [
                "sha256:05f1432ba070e90d42d7fd836462c50bf98bd08bed0aa616c359eed8a04e3922",
                "sha256:09c74543c4fbeb67af6ce457f6a6a28e5d3739a87f62412e4a16e46f164f0ae5",
                "sha256:0fbcf8abaf5aa2dc8d6400566c1a727aed338b5fe880cde64907596a89d576fa",
                "sha256:109d391d720fcebf2fbe008621952b08e52907cf4c8c7efc7376822151820820",
                "sha256:1d2f7bb14c178f8b13ebae93f67e42b0a6b0fc50eba1cd8021c9b6e08e8fb1cd",
                "sha256:1e7626dfd91cdea5714f343ce1176b6c4745155d234f1033584154f60ef1ff42",
                "sha256:22789b56a999265431c417d462e5b7f2b487e831ca7bef5edeb56efe4c93f86e",
                "sha256:28e286bf9ac422d6beb559bc61312c348ca9b0f0dae0d7c5afde7f722d6ea13d",
                "sha256:33fde20efc380bd23a78a4d26d59fc8704e9b5fd9b08841693eb46716ba13d86",
                "sha256:45c08bec71d3546d606989ba6e7daa6f0992918171e2a6f7fbedfa7361c2de1e",
                "sha256:4dca18c3ffee287ddd3bc8f1dabaf45f5305c5afc9f8ab9cbfab855e70b2df5c",
                "sha256:5407708195cb38d70fd2d6bb04b1b9dd5c92297d86e9f9daae1576bd9e06f602",
                "sha256:58569af537ea29d3f78e5abd18398459f195546bb3be23d16677fb26616cc11e",
                "sha256:5e4a756355522eb60fcd61f8372ac2549073c8788f6114449b37e9e8104f15a5",
                "sha256:6bf9fe63e7a4bf01d3645b13ff2aa6dea023d38993f42aaac81a18b1bda7a82a",
                "sha256:8930ae3ea371d6b91c203b1032b9600d69c568e537b7988a3073dfe4d4774f21",
                "sha256:9ff7dad5d24a8045d836671e082a490848e8639cabb3dbdacb29f943a678683d",
                "sha256:a2f471de4d01200718b2b8927f7d76b5d9bde18047ea0fa8bd15c5ba3f26a1d6",
                "sha256:ac38c4c92951ac0f729c4c48c9e13eb3675d9986cc0c83943784d7390d540c78",
                "sha256:b2a3ff461ec4756b7e8e42e1c681077349a038f0686132d623fa404c0bee2551",
                "sha256:b5acd8e1dbd8dbe38d0004b1497019b2dbbc3d70691e65d69615f8a7292865d7",
                "sha256:b8434f6f3fa49f631fae84afee424e2483289dfc30a47755b4b4e6b07b2633a4",
                "sha256:ba419578ab343a4e0a77c0ef82f088238a93eef141b2b8017e46149776dfad4d",
                "sha256:d0de696f589681c2802f9090fff730c218f7c51ff49bf252b6a97ec4a5d19e8b",
                "sha256:dcbb9ea49b0167de4167c40eeee6e167caeef11effb0670b554d10b1e693a8b9"
            ],
            "markers": "python_version >= '3.9'",
            "version": "==1.13.0"
        },
        "threadpoolctl": {
            "hashes": [
                "sha256:8f4c689a65b23e5ed825c8436a92b818aac005e0f3715f6a1664d7c7ee29d262",
                "sha256:f11b491a03661d6dd7ef692dd422ab34185d982466c49c8f98c8f716b5c93196"
            ],
            "markers": "python_version >= '3.8'",
            "version": "==3.4.0"
        },
        "tqdm": {
            "hashes": [
                "sha256:1ee4f8a893eb9bef51c6e35730cebf234d5d0b6bd112b0271e10ed7c24a02bd9",
                "sha256:6cd52cdf0fef0e0f543299cfc96fec90d7b8a7e88745f411ec33eb44d5ed3531"
            ],
            "markers": "python_version >= '3.7'",
            "version": "==4.66.2"
        }
    },
    "develop": {}
}
